
Microsoft Visual Studio Solution File, Format Version 12.00
# Visual Studio Version 17
VisualStudioVersion = 17.8.34511.84
MinimumVisualStudioVersion = 10.0.40219.1
Project("{8BC9CEB8-8B4A-11D0-8D11-00A0C91BC942}") = "BabysFirstThread", "BabysFirstThread\BabysFirstThread.vcxproj", "{447A09D9-69E3-4D19-A682-1F27BE34B1D1}"
EndProject
Global
	GlobalSection(SolutionConfigurationPlatforms) = preSolution
		Debug|x64 = Debug|x64
		Debug|x86 = Debug|x86
		Release|x64 = Release|x64
		Release|x86 = Release|x86
	EndGlobalSection
	GlobalSection(ProjectConfigurationPlatforms) = postSolution
		{447A09D9-69E3-4D19-A682-1F27BE34B1D1}.Debug|x64.ActiveCfg = Debug|x64
		{447A09D9-69E3-4D19-A682-1F27BE34B1D1}.Debug|x64.Build.0 = Debug|x64
		{447A09D9-69E3-4D19-A682-1F27BE34B1D1}.Debug|x86.ActiveCfg = Debug|Win32
		{447A09D9-69E3-4D19-A682-1F27BE34B1D1}.Debug|x86.Build.0 = Debug|Win32
		{447A09D9-69E3-4D19-A682-1F27BE34B1D1}.Release|x64.ActiveCfg = Release|x64
		{447A09D9-69E3-4D19-A682-1F27BE34B1D1}.Release|x64.Build.0 = Release|x64
		{447A09D9-69E3-4D19-A682-1F27BE34B1D1}.Release|x86.ActiveCfg = Release|Win32
		{447A09D9-69E3-4D19-A682-1F27BE34B1D1}.Release|x86.Build.0 = Release|Win32
	EndGlobalSection
	GlobalSection(SolutionProperties) = preSolution
		HideSolutionNode = FALSE
	EndGlobalSection
	GlobalSection(ExtensibilityGlobals) = postSolution
		SolutionGuid = {09BF1FA8-A55A-4A36-804C-0D4FBF8D8DA3}
	EndGlobalSection
EndGlobal
